
Microsoft Visual Studio Solution File, Format Version 12.00
# Visual Studio Version 16
VisualStudioVersion = 16.0.30330.147
MinimumVisualStudioVersion = 10.0.40219.1
Project("{FAE04EC0-301F-11D3-BF4B-00C04F79EFBC}") = "AspNetCore.API", "AspNetCore.API\AspNetCore.API.csproj", "{24065AB4-A254-41FA-8195-6A689F315070}"
EndProject
Global
	GlobalSection(SolutionConfigurationPlatforms) = preSolution
		Debug|Any CPU = Debug|Any CPU
		Release|Any CPU = Release|Any CPU
	EndGlobalSection
	GlobalSection(ProjectConfigurationPlatforms) = postSolution
		{24065AB4-A254-41FA-8195-6A689F315070}.Debug|Any CPU.ActiveCfg = Debug|Any CPU
		{24065AB4-A254-41FA-8195-6A689F315070}.Debug|Any CPU.Build.0 = Debug|Any CPU
		{24065AB4-A254-41FA-8195-6A689F315070}.Release|Any CPU.ActiveCfg = Release|Any CPU
		{24065AB4-A254-41FA-8195-6A689F315070}.Release|Any CPU.Build.0 = Release|Any CPU
	EndGlobalSection
	GlobalSection(SolutionProperties) = preSolution
		HideSolutionNode = FALSE
	EndGlobalSection
	GlobalSection(ExtensibilityGlobals) = postSolution
		SolutionGuid = {21B27369-B8BE-4F6D-BBC0-850156827487}
	EndGlobalSection
EndGlobal
